
Microsoft Visual Studio Solution File, Format Version 12.00
# Visual Studio 15
VisualStudioVersion = 15.0.28307.1169
MinimumVisualStudioVersion = 10.0.40219.1
Project("{FAE04EC0-301F-11D3-BF4B-00C04F79EFBC}") = "SAT.UI.MVC", "SAT.UI.MVC\SAT.UI.MVC.csproj", "{A05378DD-3700-451A-9581-1BB99E2B58EF}"
EndProject
Project("{FAE04EC0-301F-11D3-BF4B-00C04F79EFBC}") = "SAT.DATA.EF", "SAT.DATA.EF\SAT.DATA.EF.csproj", "{CA1DC7F8-F472-4941-8262-533155E2CCD9}"
EndProject
Global
	GlobalSection(SolutionConfigurationPlatforms) = preSolution
		Debug|Any CPU = Debug|Any CPU
		Release|Any CPU = Release|Any CPU
	EndGlobalSection
	GlobalSection(ProjectConfigurationPlatforms) = postSolution
		{A05378DD-3700-451A-9581-1BB99E2B58EF}.Debug|Any CPU.ActiveCfg = Debug|Any CPU
		{A05378DD-3700-451A-9581-1BB99E2B58EF}.Debug|Any CPU.Build.0 = Debug|Any CPU
		{A05378DD-3700-451A-9581-1BB99E2B58EF}.Release|Any CPU.ActiveCfg = Release|Any CPU
		{A05378DD-3700-451A-9581-1BB99E2B58EF}.Release|Any CPU.Build.0 = Release|Any CPU
		{CA1DC7F8-F472-4941-8262-533155E2CCD9}.Debug|Any CPU.ActiveCfg = Debug|Any CPU
		{CA1DC7F8-F472-4941-8262-533155E2CCD9}.Debug|Any CPU.Build.0 = Debug|Any CPU
		{CA1DC7F8-F472-4941-8262-533155E2CCD9}.Release|Any CPU.ActiveCfg = Release|Any CPU
		{CA1DC7F8-F472-4941-8262-533155E2CCD9}.Release|Any CPU.Build.0 = Release|Any CPU
	EndGlobalSection
	GlobalSection(SolutionProperties) = preSolution
		HideSolutionNode = FALSE
	EndGlobalSection
	GlobalSection(ExtensibilityGlobals) = postSolution
		SolutionGuid = {D30830C1-0539-4040-B419-DF9170C0CF23}
	EndGlobalSection
EndGlobal
